
Microsoft Visual Studio Solution File, Format Version 12.00
# Visual Studio Version 17
VisualStudioVersion = 17.0.31903.59
MinimumVisualStudioVersion = 10.0.40219.1
Project("{FAE04EC0-301F-11D3-BF4B-00C04F79EFBC}") = "Calculator", "Calculator\Calculator.csproj", "{1367C117-5B08-4566-9F1F-FD3B7A8FA514}"
EndProject
Project("{FAE04EC0-301F-11D3-BF4B-00C04F79EFBC}") = "Calculator.Tests", "Calculator.Tests\Calculator.Tests.csproj", "{C0749093-6A96-4DD0-BE95-4A065886408C}"
EndProject
Project("{FAE04EC0-301F-11D3-BF4B-00C04F79EFBC}") = "PriceDisplay", "PriceDisplay\PriceDisplay.csproj", "{93B59BE2-7D70-43AA-B830-06EA7ADF4A53}"
EndProject
Project("{FAE04EC0-301F-11D3-BF4B-00C04F79EFBC}") = "PriceDisplay.Tests", "PriceDisplay.Tests\PriceDisplay.Tests.csproj", "{7CC5AEBB-BEE7-485B-9F39-148B1A364A51}"
EndProject
Project("{FAE04EC0-301F-11D3-BF4B-00C04F79EFBC}") = "BrokenCalculator", "BrokenCalculator\BrokenCalculator.csproj", "{468A8411-32F4-48DC-B15D-9A911C23B0BD}"
EndProject
Project("{FAE04EC0-301F-11D3-BF4B-00C04F79EFBC}") = "BrokenCalculator.Tests", "BrokenCalculator.Tests\BrokenCalculator.Tests.csproj", "{784E55F4-B43E-4B00-B9B4-67B67F9AB507}"
EndProject
Project("{FAE04EC0-301F-11D3-BF4B-00C04F79EFBC}") = "ToDo", "ToDo\ToDo.csproj", "{A5323D8B-F4BA-4063-8D75-F653E20EB386}"
EndProject
Project("{FAE04EC0-301F-11D3-BF4B-00C04F79EFBC}") = "ToDo.Tests", "ToDo.Tests\ToDo.Tests.csproj", "{B2B49EA8-2EE1-4F2C-AD2C-7CB9943AF460}"
EndProject
Project("{FAE04EC0-301F-11D3-BF4B-00C04F79EFBC}") = "ShoppingList", "ShoppingList\ShoppingList.csproj", "{BC4A8785-1474-41E8-A6B7-8CCA5E06EBF9}"
EndProject
Project("{FAE04EC0-301F-11D3-BF4B-00C04F79EFBC}") = "ShoppingList.Tests", "ShoppingList.Tests\ShoppingList.Tests.csproj", "{5BB60144-60DB-4655-B1E3-F0377FF41EA0}"
EndProject
Global
	GlobalSection(SolutionConfigurationPlatforms) = preSolution
		Debug|Any CPU = Debug|Any CPU
		Release|Any CPU = Release|Any CPU
	EndGlobalSection
	GlobalSection(SolutionProperties) = preSolution
		HideSolutionNode = FALSE
	EndGlobalSection
	GlobalSection(ProjectConfigurationPlatforms) = postSolution
		{1367C117-5B08-4566-9F1F-FD3B7A8FA514}.Debug|Any CPU.ActiveCfg = Debug|Any CPU
		{1367C117-5B08-4566-9F1F-FD3B7A8FA514}.Debug|Any CPU.Build.0 = Debug|Any CPU
		{1367C117-5B08-4566-9F1F-FD3B7A8FA514}.Release|Any CPU.ActiveCfg = Release|Any CPU
		{1367C117-5B08-4566-9F1F-FD3B7A8FA514}.Release|Any CPU.Build.0 = Release|Any CPU
		{C0749093-6A96-4DD0-BE95-4A065886408C}.Debug|Any CPU.ActiveCfg = Debug|Any CPU
		{C0749093-6A96-4DD0-BE95-4A065886408C}.Debug|Any CPU.Build.0 = Debug|Any CPU
		{C0749093-6A96-4DD0-BE95-4A065886408C}.Release|Any CPU.ActiveCfg = Release|Any CPU
		{C0749093-6A96-4DD0-BE95-4A065886408C}.Release|Any CPU.Build.0 = Release|Any CPU
		{93B59BE2-7D70-43AA-B830-06EA7ADF4A53}.Debug|Any CPU.ActiveCfg = Debug|Any CPU
		{93B59BE2-7D70-43AA-B830-06EA7ADF4A53}.Debug|Any CPU.Build.0 = Debug|Any CPU
		{93B59BE2-7D70-43AA-B830-06EA7ADF4A53}.Release|Any CPU.ActiveCfg = Release|Any CPU
		{93B59BE2-7D70-43AA-B830-06EA7ADF4A53}.Release|Any CPU.Build.0 = Release|Any CPU
		{7CC5AEBB-BEE7-485B-9F39-148B1A364A51}.Debug|Any CPU.ActiveCfg = Debug|Any CPU
		{7CC5AEBB-BEE7-485B-9F39-148B1A364A51}.Debug|Any CPU.Build.0 = Debug|Any CPU
		{7CC5AEBB-BEE7-485B-9F39-148B1A364A51}.Release|Any CPU.ActiveCfg = Release|Any CPU
		{7CC5AEBB-BEE7-485B-9F39-148B1A364A51}.Release|Any CPU.Build.0 = Release|Any CPU
		{468A8411-32F4-48DC-B15D-9A911C23B0BD}.Debug|Any CPU.ActiveCfg = Debug|Any CPU
		{468A8411-32F4-48DC-B15D-9A911C23B0BD}.Debug|Any CPU.Build.0 = Debug|Any CPU
		{468A8411-32F4-48DC-B15D-9A911C23B0BD}.Release|Any CPU.ActiveCfg = Release|Any CPU
		{468A8411-32F4-48DC-B15D-9A911C23B0BD}.Release|Any CPU.Build.0 = Release|Any CPU
		{784E55F4-B43E-4B00-B9B4-67B67F9AB507}.Debug|Any CPU.ActiveCfg = Debug|Any CPU
		{784E55F4-B43E-4B00-B9B4-67B67F9AB507}.Debug|Any CPU.Build.0 = Debug|Any CPU
		{784E55F4-B43E-4B00-B9B4-67B67F9AB507}.Release|Any CPU.ActiveCfg = Release|Any CPU
		{784E55F4-B43E-4B00-B9B4-67B67F9AB507}.Release|Any CPU.Build.0 = Release|Any CPU
		{A5323D8B-F4BA-4063-8D75-F653E20EB386}.Debug|Any CPU.ActiveCfg = Debug|Any CPU
		{A5323D8B-F4BA-4063-8D75-F653E20EB386}.Debug|Any CPU.Build.0 = Debug|Any CPU
		{A5323D8B-F4BA-4063-8D75-F653E20EB386}.Release|Any CPU.ActiveCfg = Release|Any CPU
		{A5323D8B-F4BA-4063-8D75-F653E20EB386}.Release|Any CPU.Build.0 = Release|Any CPU
		{B2B49EA8-2EE1-4F2C-AD2C-7CB9943AF460}.Debug|Any CPU.ActiveCfg = Debug|Any CPU
		{B2B49EA8-2EE1-4F2C-AD2C-7CB9943AF460}.Debug|Any CPU.Build.0 = Debug|Any CPU
		{B2B49EA8-2EE1-4F2C-AD2C-7CB9943AF460}.Release|Any CPU.ActiveCfg = Release|Any CPU
		{B2B49EA8-2EE1-4F2C-AD2C-7CB9943AF460}.Release|Any CPU.Build.0 = Release|Any CPU
		{BC4A8785-1474-41E8-A6B7-8CCA5E06EBF9}.Debug|Any CPU.ActiveCfg = Debug|Any CPU
		{BC4A8785-1474-41E8-A6B7-8CCA5E06EBF9}.Debug|Any CPU.Build.0 = Debug|Any CPU
		{BC4A8785-1474-41E8-A6B7-8CCA5E06EBF9}.Release|Any CPU.ActiveCfg = Release|Any CPU
		{BC4A8785-1474-41E8-A6B7-8CCA5E06EBF9}.Release|Any CPU.Build.0 = Release|Any CPU
		{5BB60144-60DB-4655-B1E3-F0377FF41EA0}.Debug|Any CPU.ActiveCfg = Debug|Any CPU
		{5BB60144-60DB-4655-B1E3-F0377FF41EA0}.Debug|Any CPU.Build.0 = Debug|Any CPU
		{5BB60144-60DB-4655-B1E3-F0377FF41EA0}.Release|Any CPU.ActiveCfg = Release|Any CPU
		{5BB60144-60DB-4655-B1E3-F0377FF41EA0}.Release|Any CPU.Build.0 = Release|Any CPU
	EndGlobalSection
EndGlobal
